{
  "originHash" : "92046cd5b2f2281033576764770b7a11ca088b9ebaf1f5b30fe730e9dc26f50e",
  "pins" : [
    {
      "identity" : "purchases-ios",
      "kind" : "remoteSourceControl",
      "location" : "https://github.com/RevenueCat/purchases-ios.git",
      "state" : {
        "revision" : "5d8667fc283993e7a791f28c6b5e5071ed2cc70c",
        "version" : "5.81.2"
      }
    }
  ],
  "version" : 3
}
